
Microsoft Visual Studio Solution File, Format Version 12.00
# Visual Studio Version 16
VisualStudioVersion = 16.0.34729.46
MinimumVisualStudioVersion = 10.0.40219.1
Project("{9A19103F-16F7-4668-BE54-9A1E7A4F7556}") = "CV19", "CV19\CV19.csproj", "{8B215127-4879-4616-9219-CBED806C4E5B}"
EndProject
Project("{2150E333-8FDC-42A3-9474-1A3956D46DE8}") = "Tests", "Tests", "{BD309E5C-B32B-4FA5-B76D-FB632C27BA63}"
EndProject
Project("{FAE04EC0-301F-11D3-BF4B-00C04F79EFBC}") = "CV19Console", "Tests\CV19Console\CV19Console.csproj", "{E083FCCF-F147-4FA6-93D5-B0981CE88C17}"
EndProject
Project("{FAE04EC0-301F-11D3-BF4B-00C04F79EFBC}") = "CV19WPFTest", "Tests\CV19WPFTest\CV19WPFTest.csproj", "{9BDDBCB4-CEC1-4AA3-8578-D622E0E15AFA}"
EndProject
Project("{FAE04EC0-301F-11D3-BF4B-00C04F79EFBC}") = "TestLibFramework", "Tests\TestLibFramework\TestLibFramework.csproj", "{55EC7363-983D-4B0E-B150-0EAE8BC01C76}"
EndProject
Project("{FAE04EC0-301F-11D3-BF4B-00C04F79EFBC}") = "TestLib", "TestLib\TestLib.csproj", "{9D1B17D5-B218-4284-81A0-AE8C4A49DB16}"
EndProject
Global
	GlobalSection(SolutionConfigurationPlatforms) = preSolution
		Debug|Any CPU = Debug|Any CPU
		Release|Any CPU = Release|Any CPU
	EndGlobalSection
	GlobalSection(ProjectConfigurationPlatforms) = postSolution
		{8B215127-4879-4616-9219-CBED806C4E5B}.Debug|Any CPU.ActiveCfg = Debug|Any CPU
		{8B215127-4879-4616-9219-CBED806C4E5B}.Debug|Any CPU.Build.0 = Debug|Any CPU
		{8B215127-4879-4616-9219-CBED806C4E5B}.Release|Any CPU.ActiveCfg = Release|Any CPU
		{8B215127-4879-4616-9219-CBED806C4E5B}.Release|Any CPU.Build.0 = Release|Any CPU
		{E083FCCF-F147-4FA6-93D5-B0981CE88C17}.Debug|Any CPU.ActiveCfg = Debug|Any CPU
		{E083FCCF-F147-4FA6-93D5-B0981CE88C17}.Debug|Any CPU.Build.0 = Debug|Any CPU
		{E083FCCF-F147-4FA6-93D5-B0981CE88C17}.Release|Any CPU.ActiveCfg = Release|Any CPU
		{E083FCCF-F147-4FA6-93D5-B0981CE88C17}.Release|Any CPU.Build.0 = Release|Any CPU
		{9BDDBCB4-CEC1-4AA3-8578-D622E0E15AFA}.Debug|Any CPU.ActiveCfg = Debug|Any CPU
		{9BDDBCB4-CEC1-4AA3-8578-D622E0E15AFA}.Debug|Any CPU.Build.0 = Debug|Any CPU
		{9BDDBCB4-CEC1-4AA3-8578-D622E0E15AFA}.Release|Any CPU.ActiveCfg = Release|Any CPU
		{9BDDBCB4-CEC1-4AA3-8578-D622E0E15AFA}.Release|Any CPU.Build.0 = Release|Any CPU
		{55EC7363-983D-4B0E-B150-0EAE8BC01C76}.Debug|Any CPU.ActiveCfg = Debug|Any CPU
		{55EC7363-983D-4B0E-B150-0EAE8BC01C76}.Debug|Any CPU.Build.0 = Debug|Any CPU
		{55EC7363-983D-4B0E-B150-0EAE8BC01C76}.Release|Any CPU.ActiveCfg = Release|Any CPU
		{55EC7363-983D-4B0E-B150-0EAE8BC01C76}.Release|Any CPU.Build.0 = Release|Any CPU
		{9D1B17D5-B218-4284-81A0-AE8C4A49DB16}.Debug|Any CPU.ActiveCfg = Debug|Any CPU
		{9D1B17D5-B218-4284-81A0-AE8C4A49DB16}.Debug|Any CPU.Build.0 = Debug|Any CPU
		{9D1B17D5-B218-4284-81A0-AE8C4A49DB16}.Release|Any CPU.ActiveCfg = Release|Any CPU
		{9D1B17D5-B218-4284-81A0-AE8C4A49DB16}.Release|Any CPU.Build.0 = Release|Any CPU
	EndGlobalSection
	GlobalSection(SolutionProperties) = preSolution
		HideSolutionNode = FALSE
	EndGlobalSection
	GlobalSection(NestedProjects) = preSolution
		{E083FCCF-F147-4FA6-93D5-B0981CE88C17} = {BD309E5C-B32B-4FA5-B76D-FB632C27BA63}
		{9BDDBCB4-CEC1-4AA3-8578-D622E0E15AFA} = {BD309E5C-B32B-4FA5-B76D-FB632C27BA63}
		{55EC7363-983D-4B0E-B150-0EAE8BC01C76} = {BD309E5C-B32B-4FA5-B76D-FB632C27BA63}
		{9D1B17D5-B218-4284-81A0-AE8C4A49DB16} = {BD309E5C-B32B-4FA5-B76D-FB632C27BA63}
	EndGlobalSection
	GlobalSection(ExtensibilityGlobals) = postSolution
		SolutionGuid = {6EAC60E8-C4BD-4FE3-ADFB-1E3BBDAEA66B}
	EndGlobalSection
EndGlobal
